// !$*UTF8*$!
{
	archiveVersion = 1;
	classes = {
	};
	objectVersion = 55;
	objects = {

/* Begin PBXBuildFile section */
		600B8EBE27CFDC68002ADF4E /* AppDelegate.swift in Sources */ = {isa = PBXBuildFile; fileRef = 600B8EBD27CFDC68002ADF4E /* AppDelegate.swift */; };
		600B8EC027CFDC68002ADF4E /* SceneDelegate.swift in Sources */ = {isa = PBXBuildFile; fileRef = 600B8EBF27CFDC68002ADF4E /* SceneDelegate.swift */; };
		600B8EC227CFDC68002ADF4E /* MainViewController.swift in Sources */ = {isa = PBXBuildFile; fileRef = 600B8EC127CFDC68002ADF4E /* MainViewController.swift */; };
		600B8EC727CFDC69002ADF4E /* Assets.xcassets in Resources */ = {isa = PBXBuildFile; fileRef = 600B8EC627CFDC69002ADF4E /* Assets.xcassets */; };
		600B8ECA27CFDC69002ADF4E /* LaunchScreen.storyboard in Resources */ = {isa = PBXBuildFile; fileRef = 600B8EC827CFDC69002ADF4E /* LaunchScreen.storyboard */; };
		604A948A27CFE5AD007CCCD5 /* SentenceAddingViewController.swift in Sources */ = {isa = PBXBuildFile; fileRef = 604A948927CFE5AD007CCCD5 /* SentenceAddingViewController.swift */; };
		604A948C27CFEEC4007CCCD5 /* UITextView+Extension.swift in Sources */ = {isa = PBXBuildFile; fileRef = 604A948B27CFEEC4007CCCD5 /* UITextView+Extension.swift */; };
		604A948F27D06927007CCCD5 /* Sentence.xcdatamodeld in Sources */ = {isa = PBXBuildFile; fileRef = 604A948D27D06927007CCCD5 /* Sentence.xcdatamodeld */; };
		604A949127D06983007CCCD5 /* SentenceDataManager.swift in Sources */ = {isa = PBXBuildFile; fileRef = 604A949027D06983007CCCD5 /* SentenceDataManager.swift */; };
		604A949B27D06A8A007CCCD5 /* SentenceViewModel.swift in Sources */ = {isa = PBXBuildFile; fileRef = 604A949A27D06A8A007CCCD5 /* SentenceViewModel.swift */; };
		604A94A127D06FA7007CCCD5 /* StudyingViewController.swift in Sources */ = {isa = PBXBuildFile; fileRef = 604A94A027D06FA7007CCCD5 /* StudyingViewController.swift */; };
		604A94A327D074BB007CCCD5 /* SimpleSquareView.swift in Sources */ = {isa = PBXBuildFile; fileRef = 604A94A227D074BB007CCCD5 /* SimpleSquareView.swift */; };
		604A94A527D09630007CCCD5 /* UIAlertController+Extension.swift in Sources */ = {isa = PBXBuildFile; fileRef = 604A94A427D09630007CCCD5 /* UIAlertController+Extension.swift */; };
/* End PBXBuildFile section */

/* Begin PBXFileReference section */
		600B8EBA27CFDC68002ADF4E /* EnglishStudyHelper.app */ = {isa = PBXFileReference; explicitFileType = wrapper.application; includeInIndex = 0; path = EnglishStudyHelper.app; sourceTree = BUILT_PRODUCTS_DIR; };
		600B8EBD27CFDC68002ADF4E /* AppDelegate.swift */ = {isa = PBXFileReference; lastKnownFileType = sourcecode.swift; path = AppDelegate.swift; sourceTree = "<group>"; };
		600B8EBF27CFDC68002ADF4E /* SceneDelegate.swift */ = {isa = PBXFileReference; lastKnownFileType = sourcecode.swift; path = SceneDelegate.swift; sourceTree = "<group>"; };
		600B8EC127CFDC68002ADF4E /* MainViewController.swift */ = {isa = PBXFileReference; lastKnownFileType = sourcecode.swift; path = MainViewController.swift; sourceTree = "<group>"; };
		600B8EC627CFDC69002ADF4E /* Assets.xcassets */ = {isa = PBXFileReference; lastKnownFileType = folder.assetcatalog; path = Assets.xcassets; sourceTree = "<group>"; };
		600B8EC927CFDC69002ADF4E /* Base */ = {isa = PBXFileReference; lastKnownFileType = file.storyboard; name = Base; path = Base.lproj/LaunchScreen.storyboard; sourceTree = "<group>"; };
		600B8ECB27CFDC69002ADF4E /* Info.plist */ = {isa = PBXFileReference; lastKnownFileType = text.plist.xml; path = Info.plist; sourceTree = "<group>"; };
		604A948927CFE5AD007CCCD5 /* SentenceAddingViewController.swift */ = {isa = PBXFileReference; lastKnownFileType = sourcecode.swift; path = SentenceAddingViewController.swift; sourceTree = "<group>"; };
		604A948B27CFEEC4007CCCD5 /* UITextView+Extension.swift */ = {isa = PBXFileReference; lastKnownFileType = sourcecode.swift; path = "UITextView+Extension.swift"; sourceTree = "<group>"; };
		604A948E27D06927007CCCD5 /* Sentence.xcdatamodel */ = {isa = PBXFileReference; lastKnownFileType = wrapper.xcdatamodel; path = Sentence.xcdatamodel; sourceTree = "<group>"; };
		604A949027D06983007CCCD5 /* SentenceDataManager.swift */ = {isa = PBXFileReference; lastKnownFileType = sourcecode.swift; path = SentenceDataManager.swift; sourceTree = "<group>"; };
		604A949A27D06A8A007CCCD5 /* SentenceViewModel.swift */ = {isa = PBXFileReference; lastKnownFileType = sourcecode.swift; path = SentenceViewModel.swift; sourceTree = "<group>"; };
		604A94A027D06FA7007CCCD5 /* StudyingViewController.swift */ = {isa = PBXFileReference; lastKnownFileType = sourcecode.swift; path = StudyingViewController.swift; sourceTree = "<group>"; };
		604A94A227D074BB007CCCD5 /* SimpleSquareView.swift */ = {isa = PBXFileReference; lastKnownFileType = sourcecode.swift; path = SimpleSquareView.swift; sourceTree = "<group>"; };
		604A94A427D09630007CCCD5 /* UIAlertController+Extension.swift */ = {isa = PBXFileReference; lastKnownFileType = sourcecode.swift; path = "UIAlertController+Extension.swift"; sourceTree = "<group>"; };
/* End PBXFileReference section */

/* Begin PBXFrameworksBuildPhase section */
		600B8EB727CFDC68002ADF4E /* Frameworks */ = {
			isa = PBXFrameworksBuildPhase;
			buildActionMask = 2147483647;
			files = (
			);
			runOnlyForDeploymentPostprocessing = 0;
		};
/* End PBXFrameworksBuildPhase section */

/* Begin PBXGroup section */
		600B8EB127CFDC68002ADF4E = {
			isa = PBXGroup;
			children = (
				600B8EBC27CFDC68002ADF4E /* EnglishStudyHelper */,
				600B8EBB27CFDC68002ADF4E /* Products */,
			);
			sourceTree = "<group>";
		};
		600B8EBB27CFDC68002ADF4E /* Products */ = {
			isa = PBXGroup;
			children = (
				600B8EBA27CFDC68002ADF4E /* EnglishStudyHelper.app */,
			);
			name = Products;
			sourceTree = "<group>";
		};
		600B8EBC27CFDC68002ADF4E /* EnglishStudyHelper */ = {
			isa = PBXGroup;
			children = (
				604A949F27D06ACC007CCCD5 /* ViewModel */,
				604A949E27D06AB0007CCCD5 /* Model */,
				604A949D27D06AA0007CCCD5 /* View */,
				604A949C27D06A93007CCCD5 /* Application */,
				600B8EC627CFDC69002ADF4E /* Assets.xcassets */,
				600B8EC827CFDC69002ADF4E /* LaunchScreen.storyboard */,
				600B8ECB27CFDC69002ADF4E /* Info.plist */,
			);
			path = EnglishStudyHelper;
			sourceTree = "<group>";
		};
		604A949C27D06A93007CCCD5 /* Application */ = {
			isa = PBXGroup;
			children = (
				600B8EBD27CFDC68002ADF4E /* AppDelegate.swift */,
				600B8EBF27CFDC68002ADF4E /* SceneDelegate.swift */,
			);
			path = Application;
			sourceTree = "<group>";
		};
		604A949D27D06AA0007CCCD5 /* View */ = {
			isa = PBXGroup;
			children = (
				600B8EC127CFDC68002ADF4E /* MainViewController.swift */,
				604A94A027D06FA7007CCCD5 /* StudyingViewController.swift */,
				604A948927CFE5AD007CCCD5 /* SentenceAddingViewController.swift */,
				604A94A227D074BB007CCCD5 /* SimpleSquareView.swift */,
				604A94A427D09630007CCCD5 /* UIAlertController+Extension.swift */,
				604A948B27CFEEC4007CCCD5 /* UITextView+Extension.swift */,
			);
			path = View;
			sourceTree = "<group>";
		};
		604A949E27D06AB0007CCCD5 /* Model */ = {
			isa = PBXGroup;
			children = (
				604A949027D06983007CCCD5 /* SentenceDataManager.swift */,
				604A948D27D06927007CCCD5 /* Sentence.xcdatamodeld */,
			);
			path = Model;
			sourceTree = "<group>";
		};
		604A949F27D06ACC007CCCD5 /* ViewModel */ = {
			isa = PBXGroup;
			children = (
				604A949A27D06A8A007CCCD5 /* SentenceViewModel.swift */,
			);
			path = ViewModel;
			sourceTree = "<group>";
		};
/* End PBXGroup section */

/* Begin PBXNativeTarget section */
		600B8EB927CFDC68002ADF4E /* EnglishStudyHelper */ = {
			isa = PBXNativeTarget;
			buildConfigurationList = 600B8ECE27CFDC69002ADF4E /* Build configuration list for PBXNativeTarget "EnglishStudyHelper" */;
			buildPhases = (
				600B8EB627CFDC68002ADF4E /* Sources */,
				600B8EB727CFDC68002ADF4E /* Frameworks */,
				600B8EB827CFDC68002ADF4E /* Resources */,
			);
			buildRules = (
			);
			dependencies = (
			);
			name = EnglishStudyHelper;
			productName = EnglishStudyHelper;
			productReference = 600B8EBA27CFDC68002ADF4E /* EnglishStudyHelper.app */;
			productType = "com.apple.product-type.application";
		};
/* End PBXNativeTarget section */

/* Begin PBXProject section */
		600B8EB227CFDC68002ADF4E /* Project object */ = {
			isa = PBXProject;
			attributes = {
				BuildIndependentTargetsInParallel = 1;
				LastSwiftUpdateCheck = 1310;
				LastUpgradeCheck = 1310;
				TargetAttributes = {
					600B8EB927CFDC68002ADF4E = {
						CreatedOnToolsVersion = 13.1;
					};
				};
			};
			buildConfigurationList = 600B8EB527CFDC68002ADF4E /* Build configuration list for PBXProject "EnglishStudyHelper" */;
			compatibilityVersion = "Xcode 13.0";
			developmentRegion = en;
			hasScannedForEncodings = 0;
			knownRegions = (
				en,
				Base,
			);
			mainGroup = 600B8EB127CFDC68002ADF4E;
			productRefGroup = 600B8EBB27CFDC68002ADF4E /* Products */;
			projectDirPath = "";
			projectRoot = "";
			targets = (
				600B8EB927CFDC68002ADF4E /* EnglishStudyHelper */,
			);
		};
/* End PBXProject section */

/* Begin PBXResourcesBuildPhase section */
		600B8EB827CFDC68002ADF4E /* Resources */ = {
			isa = PBXResourcesBuildPhase;
			buildActionMask = 2147483647;
			files = (
				600B8ECA27CFDC69002ADF4E /* LaunchScreen.storyboard in Resources */,
				600B8EC727CFDC69002ADF4E /* Assets.xcassets in Resources */,
			);
			runOnlyForDeploymentPostprocessing = 0;
		};
/* End PBXResourcesBuildPhase section */

/* Begin PBXSourcesBuildPhase section */
		600B8EB627CFDC68002ADF4E /* Sources */ = {
			isa = PBXSourcesBuildPhase;
			buildActionMask = 2147483647;
			files = (
				604A948A27CFE5AD007CCCD5 /* SentenceAddingViewController.swift in Sources */,
				600B8EC227CFDC68002ADF4E /* MainViewController.swift in Sources */,
				604A94A527D09630007CCCD5 /* UIAlertController+Extension.swift in Sources */,
				604A948F27D06927007CCCD5 /* Sentence.xcdatamodeld in Sources */,
				604A949B27D06A8A007CCCD5 /* SentenceViewModel.swift in Sources */,
				600B8EBE27CFDC68002ADF4E /* AppDelegate.swift in Sources */,
				604A94A327D074BB007CCCD5 /* SimpleSquareView.swift in Sources */,
				604A949127D06983007CCCD5 /* SentenceDataManager.swift in Sources */,
				604A948C27CFEEC4007CCCD5 /* UITextView+Extension.swift in Sources */,
				600B8EC027CFDC68002ADF4E /* SceneDelegate.swift in Sources */,
				604A94A127D06FA7007CCCD5 /* StudyingViewController.swift in Sources */,
			);
			runOnlyForDeploymentPostprocessing = 0;
		};
/* End PBXSourcesBuildPhase section */

/* Begin PBXVariantGroup section */
		600B8EC827CFDC69002ADF4E /* LaunchScreen.storyboard */ = {
			isa = PBXVariantGroup;
			children = (
				600B8EC927CFDC69002ADF4E /* Base */,
			);
			name = LaunchScreen.storyboard;
			sourceTree = "<group>";
		};
/* End PBXVariantGroup section */

/* Begin XCBuildConfiguration section */
		600B8ECC27CFDC69002ADF4E /* Debug */ = {
			isa = XCBuildConfiguration;
			buildSettings = {
				ALWAYS_SEARCH_USER_PATHS = NO;
				CLANG_ANALYZER_NONNULL = YES;
				CLANG_ANALYZER_NUMBER_OBJECT_CONVERSION = YES_AGGRESSIVE;
				CLANG_CXX_LANGUAGE_STANDARD = "gnu++17";
				CLANG_CXX_LIBRARY = "libc++";
				CLANG_ENABLE_MODULES = YES;
				CLANG_ENABLE_OBJC_ARC = YES;
				CLANG_ENABLE_OBJC_WEAK = YES;
				CLANG_WARN_BLOCK_CAPTURE_AUTORELEASING = YES;
				CLANG_WARN_BOOL_CONVERSION = YES;
				CLANG_WARN_COMMA = YES;
				CLANG_WARN_CONSTANT_CONVERSION = YES;
				CLANG_WARN_DEPRECATED_OBJC_IMPLEMENTATIONS = YES;
				CLANG_WARN_DIRECT_OBJC_ISA_USAGE = YES_ERROR;
				CLANG_WARN_DOCUMENTATION_COMMENTS = YES;
				CLANG_WARN_EMPTY_BODY = YES;
				CLANG_WARN_ENUM_CONVERSION = YES;
				CLANG_WARN_INFINITE_RECURSION = YES;
				CLANG_WARN_INT_CONVERSION = YES;
				CLANG_WARN_NON_LITERAL_NULL_CONVERSION = YES;
				CLANG_WARN_OBJC_IMPLICIT_RETAIN_SELF = YES;
				CLANG_WARN_OBJC_LITERAL_CONVERSION = YES;
				CLANG_WARN_OBJC_ROOT_CLASS = YES_ERROR;
				CLANG_WARN_QUOTED_INCLUDE_IN_FRAMEWORK_HEADER = YES;
				CLANG_WARN_RANGE_LOOP_ANALYSIS = YES;
				CLANG_WARN_STRICT_PROTOTYPES = YES;
				CLANG_WARN_SUSPICIOUS_MOVE = YES;
				CLANG_WARN_UNGUARDED_AVAILABILITY = YES_AGGRESSIVE;
				CLANG_WARN_UNREACHABLE_CODE = YES;
				CLANG_WARN__DUPLICATE_METHOD_MATCH = YES;
				COPY_PHASE_STRIP = NO;
				DEBUG_INFORMATION_FORMAT = dwarf;
				ENABLE_STRICT_OBJC_MSGSEND = YES;
				ENABLE_TESTABILITY = YES;
				GCC_C_LANGUAGE_STANDARD = gnu11;
				GCC_DYNAMIC_NO_PIC = NO;
				GCC_NO_COMMON_BLOCKS = YES;
				GCC_OPTIMIZATION_LEVEL = 0;
				GCC_PREPROCESSOR_DEFINITIONS = (
					"DEBUG=1",
					"$(inherited)",
				);
				GCC_WARN_64_TO_32_BIT_CONVERSION = YES;
				GCC_WARN_ABOUT_RETURN_TYPE = YES_ERROR;
				GCC_WARN_UNDECLARED_SELECTOR = YES;
				GCC_WARN_UNINITIALIZED_AUTOS = YES_AGGRESSIVE;
				GCC_WARN_UNUSED_FUNCTION = YES;
				GCC_WARN_UNUSED_VARIABLE = YES;
				IPHONEOS_DEPLOYMENT_TARGET = 15.0;
				MTL_ENABLE_DEBUG_INFO = INCLUDE_SOURCE;
				MTL_FAST_MATH = YES;
				ONLY_ACTIVE_ARCH = YES;
				SDKROOT = iphoneos;
				SWIFT_ACTIVE_COMPILATION_CONDITIONS = DEBUG;
				SWIFT_OPTIMIZATION_LEVEL = "-Onone";
			};
			name = Debug;
		};
		600B8ECD27CFDC69002ADF4E /* Release */ = {
			isa = XCBuildConfiguration;
			buildSettings = {
				ALWAYS_SEARCH_USER_PATHS = NO;
				CLANG_ANALYZER_NONNULL = YES;
				CLANG_ANALYZER_NUMBER_OBJECT_CONVERSION = YES_AGGRESSIVE;
				CLANG_CXX_LANGUAGE_STANDARD = "gnu++17";
				CLANG_CXX_LIBRARY = "libc++";
				CLANG_ENABLE_MODULES = YES;
				CLANG_ENABLE_OBJC_ARC = YES;
				CLANG_ENABLE_OBJC_WEAK = YES;
				CLANG_WARN_BLOCK_CAPTURE_AUTORELEASING = YES;
				CLANG_WARN_BOOL_CONVERSION = YES;
				CLANG_WARN_COMMA = YES;
				CLANG_WARN_CONSTANT_CONVERSION = YES;
				CLANG_WARN_DEPRECATED_OBJC_IMPLEMENTATIONS = YES;
				CLANG_WARN_DIRECT_OBJC_ISA_USAGE = YES_ERROR;
				CLANG_WARN_DOCUMENTATION_COMMENTS = YES;
				CLANG_WARN_EMPTY_BODY = YES;
				CLANG_WARN_ENUM_CONVERSION = YES;
				CLANG_WARN_INFINITE_RECURSION = YES;
				CLANG_WARN_INT_CONVERSION = YES;
				CLANG_WARN_NON_LITERAL_NULL_CONVERSION = YES;
				CLANG_WARN_OBJC_IMPLICIT_RETAIN_SELF = YES;
				CLANG_WARN_OBJC_LITERAL_CONVERSION = YES;
				CLANG_WARN_OBJC_ROOT_CLASS = YES_ERROR;
				CLANG_WARN_QUOTED_INCLUDE_IN_FRAMEWORK_HEADER = YES;
				CLANG_WARN_RANGE_LOOP_ANALYSIS = YES;
				CLANG_WARN_STRICT_PROTOTYPES = YES;
				CLANG_WARN_SUSPICIOUS_MOVE = YES;
				CLANG_WARN_UNGUARDED_AVAILABILITY = YES_AGGRESSIVE;
				CLANG_WARN_UNREACHABLE_CODE = YES;
				CLANG_WARN__DUPLICATE_METHOD_MATCH = YES;
				COPY_PHASE_STRIP = NO;
				DEBUG_INFORMATION_FORMAT = "dwarf-with-dsym";
				ENABLE_NS_ASSERTIONS = NO;
				ENABLE_STRICT_OBJC_MSGSEND = YES;
				GCC_C_LANGUAGE_STANDARD = gnu11;
				GCC_NO_COMMON_BLOCKS = YES;
				GCC_WARN_64_TO_32_BIT_CONVERSION = YES;
				GCC_WARN_ABOUT_RETURN_TYPE = YES_ERROR;
				GCC_WARN_UNDECLARED_SELECTOR = YES;
				GCC_WARN_UNINITIALIZED_AUTOS = YES_AGGRESSIVE;
				GCC_WARN_UNUSED_FUNCTION = YES;
				GCC_WARN_UNUSED_VARIABLE = YES;
				IPHONEOS_DEPLOYMENT_TARGET = 15.0;
				MTL_ENABLE_DEBUG_INFO = NO;
				MTL_FAST_MATH = YES;
				SDKROOT = iphoneos;
				SWIFT_COMPILATION_MODE = wholemodule;
				SWIFT_OPTIMIZATION_LEVEL = "-O";
				VALIDATE_PRODUCT = YES;
			};
			name = Release;
		};
		600B8ECF27CFDC69002ADF4E /* Debug */ = {
			isa = XCBuildConfiguration;
			buildSettings = {
				ASSETCATALOG_COMPILER_APPICON_NAME = AppIcon;
				ASSETCATALOG_COMPILER_GLOBAL_ACCENT_COLOR_NAME = AccentColor;
				CODE_SIGN_STYLE = Automatic;
				CURRENT_PROJECT_VERSION = 1;
				DEVELOPMENT_TEAM = 6NYKF9N93F;
				GENERATE_INFOPLIST_FILE = YES;
				INFOPLIST_FILE = EnglishStudyHelper/Info.plist;
				INFOPLIST_KEY_UIApplicationSupportsIndirectInputEvents = YES;
				INFOPLIST_KEY_UILaunchStoryboardName = LaunchScreen;
				INFOPLIST_KEY_UISupportedInterfaceOrientations = UIInterfaceOrientationPortrait;
				INFOPLIST_KEY_UISupportedInterfaceOrientations_iPad = "UIInterfaceOrientationPortrait UIInterfaceOrientationPortraitUpsideDown UIInterfaceOrientationLandscapeLeft UIInterfaceOrientationLandscapeRight";
				INFOPLIST_KEY_UISupportedInterfaceOrientations_iPhone = "UIInterfaceOrientationPortrait UIInterfaceOrientationLandscapeLeft UIInterfaceOrientationLandscapeRight";
				IPHONEOS_DEPLOYMENT_TARGET = 15.0;
				LD_RUNPATH_SEARCH_PATHS = (
					"$(inherited)",
					"@executable_path/Frameworks",
				);
				MARKETING_VERSION = 1.0;
				PRODUCT_BUNDLE_IDENTIFIER = JNoma.EnglishStudyHelper;
				PRODUCT_NAME = "$(TARGET_NAME)";
				SWIFT_EMIT_LOC_STRINGS = YES;
				SWIFT_VERSION = 5.0;
				TARGETED_DEVICE_FAMILY = 1;
			};
			name = Debug;
		};
		600B8ED027CFDC69002ADF4E /* Release */ = {
			isa = XCBuildConfiguration;
			buildSettings = {
				ASSETCATALOG_COMPILER_APPICON_NAME = AppIcon;
				ASSETCATALOG_COMPILER_GLOBAL_ACCENT_COLOR_NAME = AccentColor;
				CODE_SIGN_STYLE = Automatic;
				CURRENT_PROJECT_VERSION = 1;
				DEVELOPMENT_TEAM = 6NYKF9N93F;
				GENERATE_INFOPLIST_FILE = YES;
				INFOPLIST_FILE = EnglishStudyHelper/Info.plist;
				INFOPLIST_KEY_UIApplicationSupportsIndirectInputEvents = YES;
				INFOPLIST_KEY_UILaunchStoryboardName = LaunchScreen;
				INFOPLIST_KEY_UISupportedInterfaceOrientations = UIInterfaceOrientationPortrait;
				INFOPLIST_KEY_UISupportedInterfaceOrientations_iPad = "UIInterfaceOrientationPortrait UIInterfaceOrientationPortraitUpsideDown UIInterfaceOrientationLandscapeLeft UIInterfaceOrientationLandscapeRight";
				INFOPLIST_KEY_UISupportedInterfaceOrientations_iPhone = "UIInterfaceOrientationPortrait UIInterfaceOrientationLandscapeLeft UIInterfaceOrientationLandscapeRight";
				IPHONEOS_DEPLOYMENT_TARGET = 15.0;
				LD_RUNPATH_SEARCH_PATHS = (
					"$(inherited)",
					"@executable_path/Frameworks",
				);
				MARKETING_VERSION = 1.0;
				PRODUCT_BUNDLE_IDENTIFIER = JNoma.EnglishStudyHelper;
				PRODUCT_NAME = "$(TARGET_NAME)";
				SWIFT_EMIT_LOC_STRINGS = YES;
				SWIFT_VERSION = 5.0;
				TARGETED_DEVICE_FAMILY = 1;
			};
			name = Release;
		};
/* End XCBuildConfiguration section */

/* Begin XCConfigurationList section */
		600B8EB527CFDC68002ADF4E /* Build configuration list for PBXProject "EnglishStudyHelper" */ = {
			isa = XCConfigurationList;
			buildConfigurations = (
				600B8ECC27CFDC69002ADF4E /* Debug */,
				600B8ECD27CFDC69002ADF4E /* Release */,
			);
			defaultConfigurationIsVisible = 0;
			defaultConfigurationName = Release;
		};
		600B8ECE27CFDC69002ADF4E /* Build configuration list for PBXNativeTarget "EnglishStudyHelper" */ = {
			isa = XCConfigurationList;
			buildConfigurations = (
				600B8ECF27CFDC69002ADF4E /* Debug */,
				600B8ED027CFDC69002ADF4E /* Release */,
			);
			defaultConfigurationIsVisible = 0;
			defaultConfigurationName = Release;
		};
/* End XCConfigurationList section */

/* Begin XCVersionGroup section */
		604A948D27D06927007CCCD5 /* Sentence.xcdatamodeld */ = {
			isa = XCVersionGroup;
			children = (
				604A948E27D06927007CCCD5 /* Sentence.xcdatamodel */,
			);
			currentVersion = 604A948E27D06927007CCCD5 /* Sentence.xcdatamodel */;
			path = Sentence.xcdatamodeld;
			sourceTree = "<group>";
			versionGroupType = wrapper.xcdatamodel;
		};
/* End XCVersionGroup section */
	};
	rootObject = 600B8EB227CFDC68002ADF4E /* Project object */;
}
