// !$*UTF8*$!
{
	archiveVersion = 1;
	classes = {
	};
	objectVersion = 55;
	objects = {

/* Begin PBXBuildFile section */
		600B8EC727CFDC69002ADF4E /* Assets.xcassets in Resources */ = {isa = PBXBuildFile; fileRef = 600B8EC627CFDC69002ADF4E /* Assets.xcassets */; };
		600B8ECA27CFDC69002ADF4E /* LaunchScreen.storyboard in Resources */ = {isa = PBXBuildFile; fileRef = 600B8EC827CFDC69002ADF4E /* LaunchScreen.storyboard */; };
		601031D027E39E410034FBC5 /* GoogleDriveViewModel.swift in Sources */ = {isa = PBXBuildFile; fileRef = 601031CF27E39E410034FBC5 /* GoogleDriveViewModel.swift */; };
		601031D427E39F2F0034FBC5 /* AppDelegate.swift in Sources */ = {isa = PBXBuildFile; fileRef = 601031D227E39F2F0034FBC5 /* AppDelegate.swift */; };
		601031D527E39F2F0034FBC5 /* SceneDelegate.swift in Sources */ = {isa = PBXBuildFile; fileRef = 601031D327E39F2F0034FBC5 /* SceneDelegate.swift */; };
		601031E027E39F3B0034FBC5 /* UIAlertController+Extension.swift in Sources */ = {isa = PBXBuildFile; fileRef = 601031D727E39F3B0034FBC5 /* UIAlertController+Extension.swift */; };
		601031E127E39F3B0034FBC5 /* ButtonStyleView.swift in Sources */ = {isa = PBXBuildFile; fileRef = 601031D827E39F3B0034FBC5 /* ButtonStyleView.swift */; };
		601031E227E39F3B0034FBC5 /* SimpleSquareView.swift in Sources */ = {isa = PBXBuildFile; fileRef = 601031D927E39F3B0034FBC5 /* SimpleSquareView.swift */; };
		601031E327E39F3B0034FBC5 /* MainViewController.swift in Sources */ = {isa = PBXBuildFile; fileRef = 601031DB27E39F3B0034FBC5 /* MainViewController.swift */; };
		601031E427E39F3B0034FBC5 /* EditingViewController.swift in Sources */ = {isa = PBXBuildFile; fileRef = 601031DC27E39F3B0034FBC5 /* EditingViewController.swift */; };
		601031E527E39F3B0034FBC5 /* UpdatingViewController.swift in Sources */ = {isa = PBXBuildFile; fileRef = 601031DD27E39F3B0034FBC5 /* UpdatingViewController.swift */; };
		601031E627E39F3B0034FBC5 /* StudyingViewController.swift in Sources */ = {isa = PBXBuildFile; fileRef = 601031DE27E39F3B0034FBC5 /* StudyingViewController.swift */; };
		601031E727E39F3B0034FBC5 /* AddingViewController.swift in Sources */ = {isa = PBXBuildFile; fileRef = 601031DF27E39F3B0034FBC5 /* AddingViewController.swift */; };
		6033FAF127DA4737005A7537 /* NetworkRequester.swift in Sources */ = {isa = PBXBuildFile; fileRef = 6033FAF027DA4737005A7537 /* NetworkRequester.swift */; };
		6033FAF327DA47A5005A7537 /* PapagoManager.swift in Sources */ = {isa = PBXBuildFile; fileRef = 6033FAF227DA47A5005A7537 /* PapagoManager.swift */; };
		6033FAF527DA4F67005A7537 /* UserInfo.swift in Sources */ = {isa = PBXBuildFile; fileRef = 6033FAF427DA4F67005A7537 /* UserInfo.swift */; };
		604A948F27D06927007CCCD5 /* Sentence.xcdatamodeld in Sources */ = {isa = PBXBuildFile; fileRef = 604A948D27D06927007CCCD5 /* Sentence.xcdatamodeld */; };
		604A949127D06983007CCCD5 /* SentenceDataManager.swift in Sources */ = {isa = PBXBuildFile; fileRef = 604A949027D06983007CCCD5 /* SentenceDataManager.swift */; };
		604A949B27D06A8A007CCCD5 /* SentenceViewModel.swift in Sources */ = {isa = PBXBuildFile; fileRef = 604A949A27D06A8A007CCCD5 /* SentenceViewModel.swift */; };
		60C3176327DDA92000E152DC /* GoogleDriveManager.swift in Sources */ = {isa = PBXBuildFile; fileRef = 60C3176227DDA92000E152DC /* GoogleDriveManager.swift */; };
		60C3176B27DDABB800E152DC /* JSONTests.swift in Sources */ = {isa = PBXBuildFile; fileRef = 60C3176A27DDABB800E152DC /* JSONTests.swift */; };
		779BA4A09F64C815E95F9278 /* Pods_EnglishStudyHelper.framework in Frameworks */ = {isa = PBXBuildFile; fileRef = BE0455C645FE0FF841F85744 /* Pods_EnglishStudyHelper.framework */; };
		C86C0E9AE699BC35675B0B4D /* Pods_EnglishStudyHelperTests.framework in Frameworks */ = {isa = PBXBuildFile; fileRef = 7A1A70082723084396685F1B /* Pods_EnglishStudyHelperTests.framework */; };
/* End PBXBuildFile section */

/* Begin PBXContainerItemProxy section */
		60C3176C27DDABB800E152DC /* PBXContainerItemProxy */ = {
			isa = PBXContainerItemProxy;
			containerPortal = 600B8EB227CFDC68002ADF4E /* Project object */;
			proxyType = 1;
			remoteGlobalIDString = 600B8EB927CFDC68002ADF4E;
			remoteInfo = EnglishStudyHelper;
		};
/* End PBXContainerItemProxy section */

/* Begin PBXFileReference section */
		1AE9C6D71270650B42699FCE /* Pods-EnglishStudyHelperTests.debug.xcconfig */ = {isa = PBXFileReference; includeInIndex = 1; lastKnownFileType = text.xcconfig; name = "Pods-EnglishStudyHelperTests.debug.xcconfig"; path = "Target Support Files/Pods-EnglishStudyHelperTests/Pods-EnglishStudyHelperTests.debug.xcconfig"; sourceTree = "<group>"; };
		1F6058043C2D91E89800B329 /* Pods-EnglishStudyHelper.release.xcconfig */ = {isa = PBXFileReference; includeInIndex = 1; lastKnownFileType = text.xcconfig; name = "Pods-EnglishStudyHelper.release.xcconfig"; path = "Target Support Files/Pods-EnglishStudyHelper/Pods-EnglishStudyHelper.release.xcconfig"; sourceTree = "<group>"; };
		600B8EBA27CFDC68002ADF4E /* EnglishStudyHelper.app */ = {isa = PBXFileReference; explicitFileType = wrapper.application; includeInIndex = 0; path = EnglishStudyHelper.app; sourceTree = BUILT_PRODUCTS_DIR; };
		600B8EC627CFDC69002ADF4E /* Assets.xcassets */ = {isa = PBXFileReference; lastKnownFileType = folder.assetcatalog; path = Assets.xcassets; sourceTree = "<group>"; };
		600B8EC927CFDC69002ADF4E /* Base */ = {isa = PBXFileReference; lastKnownFileType = file.storyboard; name = Base; path = Base.lproj/LaunchScreen.storyboard; sourceTree = "<group>"; };
		600B8ECB27CFDC69002ADF4E /* Info.plist */ = {isa = PBXFileReference; lastKnownFileType = text.plist.xml; path = Info.plist; sourceTree = "<group>"; };
		601031CF27E39E410034FBC5 /* GoogleDriveViewModel.swift */ = {isa = PBXFileReference; fileEncoding = 4; lastKnownFileType = sourcecode.swift; path = GoogleDriveViewModel.swift; sourceTree = "<group>"; };
		601031D227E39F2F0034FBC5 /* AppDelegate.swift */ = {isa = PBXFileReference; fileEncoding = 4; lastKnownFileType = sourcecode.swift; path = AppDelegate.swift; sourceTree = "<group>"; };
		601031D327E39F2F0034FBC5 /* SceneDelegate.swift */ = {isa = PBXFileReference; fileEncoding = 4; lastKnownFileType = sourcecode.swift; path = SceneDelegate.swift; sourceTree = "<group>"; };
		601031D727E39F3B0034FBC5 /* UIAlertController+Extension.swift */ = {isa = PBXFileReference; fileEncoding = 4; lastKnownFileType = sourcecode.swift; path = "UIAlertController+Extension.swift"; sourceTree = "<group>"; };
		601031D827E39F3B0034FBC5 /* ButtonStyleView.swift */ = {isa = PBXFileReference; fileEncoding = 4; lastKnownFileType = sourcecode.swift; path = ButtonStyleView.swift; sourceTree = "<group>"; };
		601031D927E39F3B0034FBC5 /* SimpleSquareView.swift */ = {isa = PBXFileReference; fileEncoding = 4; lastKnownFileType = sourcecode.swift; path = SimpleSquareView.swift; sourceTree = "<group>"; };
		601031DB27E39F3B0034FBC5 /* MainViewController.swift */ = {isa = PBXFileReference; fileEncoding = 4; lastKnownFileType = sourcecode.swift; path = MainViewController.swift; sourceTree = "<group>"; };
		601031DC27E39F3B0034FBC5 /* EditingViewController.swift */ = {isa = PBXFileReference; fileEncoding = 4; lastKnownFileType = sourcecode.swift; path = EditingViewController.swift; sourceTree = "<group>"; };
		601031DD27E39F3B0034FBC5 /* UpdatingViewController.swift */ = {isa = PBXFileReference; fileEncoding = 4; lastKnownFileType = sourcecode.swift; path = UpdatingViewController.swift; sourceTree = "<group>"; };
		601031DE27E39F3B0034FBC5 /* StudyingViewController.swift */ = {isa = PBXFileReference; fileEncoding = 4; lastKnownFileType = sourcecode.swift; path = StudyingViewController.swift; sourceTree = "<group>"; };
		601031DF27E39F3B0034FBC5 /* AddingViewController.swift */ = {isa = PBXFileReference; fileEncoding = 4; lastKnownFileType = sourcecode.swift; path = AddingViewController.swift; sourceTree = "<group>"; };
		6033FAF027DA4737005A7537 /* NetworkRequester.swift */ = {isa = PBXFileReference; lastKnownFileType = sourcecode.swift; path = NetworkRequester.swift; sourceTree = "<group>"; };
		6033FAF227DA47A5005A7537 /* PapagoManager.swift */ = {isa = PBXFileReference; lastKnownFileType = sourcecode.swift; path = PapagoManager.swift; sourceTree = "<group>"; };
		6033FAF427DA4F67005A7537 /* UserInfo.swift */ = {isa = PBXFileReference; lastKnownFileType = sourcecode.swift; path = UserInfo.swift; sourceTree = "<group>"; };
		604A948E27D06927007CCCD5 /* Sentence.xcdatamodel */ = {isa = PBXFileReference; lastKnownFileType = wrapper.xcdatamodel; path = Sentence.xcdatamodel; sourceTree = "<group>"; };
		604A949027D06983007CCCD5 /* SentenceDataManager.swift */ = {isa = PBXFileReference; lastKnownFileType = sourcecode.swift; path = SentenceDataManager.swift; sourceTree = "<group>"; };
		604A949A27D06A8A007CCCD5 /* SentenceViewModel.swift */ = {isa = PBXFileReference; lastKnownFileType = sourcecode.swift; path = SentenceViewModel.swift; sourceTree = "<group>"; };
		60C3176227DDA92000E152DC /* GoogleDriveManager.swift */ = {isa = PBXFileReference; lastKnownFileType = sourcecode.swift; path = GoogleDriveManager.swift; sourceTree = "<group>"; };
		60C3176827DDABB800E152DC /* EnglishStudyHelperTests.xctest */ = {isa = PBXFileReference; explicitFileType = wrapper.cfbundle; includeInIndex = 0; path = EnglishStudyHelperTests.xctest; sourceTree = BUILT_PRODUCTS_DIR; };
		60C3176A27DDABB800E152DC /* JSONTests.swift */ = {isa = PBXFileReference; lastKnownFileType = sourcecode.swift; path = JSONTests.swift; sourceTree = "<group>"; };
		60EB5A6127E0C22C003FAECC /* EnglishStudyHelper-Bridge-Header.h */ = {isa = PBXFileReference; lastKnownFileType = sourcecode.c.h; path = "EnglishStudyHelper-Bridge-Header.h"; sourceTree = "<group>"; };
		7A1A70082723084396685F1B /* Pods_EnglishStudyHelperTests.framework */ = {isa = PBXFileReference; explicitFileType = wrapper.framework; includeInIndex = 0; path = Pods_EnglishStudyHelperTests.framework; sourceTree = BUILT_PRODUCTS_DIR; };
		86F982AB3A204013F4E38C01 /* Pods-EnglishStudyHelperTests.release.xcconfig */ = {isa = PBXFileReference; includeInIndex = 1; lastKnownFileType = text.xcconfig; name = "Pods-EnglishStudyHelperTests.release.xcconfig"; path = "Target Support Files/Pods-EnglishStudyHelperTests/Pods-EnglishStudyHelperTests.release.xcconfig"; sourceTree = "<group>"; };
		A9D06907E64EC89EE7F0A8DD /* Pods-EnglishStudyHelper.debug.xcconfig */ = {isa = PBXFileReference; includeInIndex = 1; lastKnownFileType = text.xcconfig; name = "Pods-EnglishStudyHelper.debug.xcconfig"; path = "Target Support Files/Pods-EnglishStudyHelper/Pods-EnglishStudyHelper.debug.xcconfig"; sourceTree = "<group>"; };
		BE0455C645FE0FF841F85744 /* Pods_EnglishStudyHelper.framework */ = {isa = PBXFileReference; explicitFileType = wrapper.framework; includeInIndex = 0; path = Pods_EnglishStudyHelper.framework; sourceTree = BUILT_PRODUCTS_DIR; };
/* End PBXFileReference section */

/* Begin PBXFrameworksBuildPhase section */
		600B8EB727CFDC68002ADF4E /* Frameworks */ = {
			isa = PBXFrameworksBuildPhase;
			buildActionMask = 2147483647;
			files = (
				779BA4A09F64C815E95F9278 /* Pods_EnglishStudyHelper.framework in Frameworks */,
			);
			runOnlyForDeploymentPostprocessing = 0;
		};
		60C3176527DDABB800E152DC /* Frameworks */ = {
			isa = PBXFrameworksBuildPhase;
			buildActionMask = 2147483647;
			files = (
				C86C0E9AE699BC35675B0B4D /* Pods_EnglishStudyHelperTests.framework in Frameworks */,
			);
			runOnlyForDeploymentPostprocessing = 0;
		};
/* End PBXFrameworksBuildPhase section */

/* Begin PBXGroup section */
		106826F6D613C7F195EFFA9A /* Frameworks */ = {
			isa = PBXGroup;
			children = (
				BE0455C645FE0FF841F85744 /* Pods_EnglishStudyHelper.framework */,
				7A1A70082723084396685F1B /* Pods_EnglishStudyHelperTests.framework */,
			);
			name = Frameworks;
			sourceTree = "<group>";
		};
		600B8EB127CFDC68002ADF4E = {
			isa = PBXGroup;
			children = (
				600B8EBC27CFDC68002ADF4E /* EnglishStudyHelper */,
				60C3176927DDABB800E152DC /* EnglishStudyHelperTests */,
				600B8EBB27CFDC68002ADF4E /* Products */,
				E7C65C9857069B944CFE6571 /* Pods */,
				106826F6D613C7F195EFFA9A /* Frameworks */,
			);
			sourceTree = "<group>";
		};
		600B8EBB27CFDC68002ADF4E /* Products */ = {
			isa = PBXGroup;
			children = (
				600B8EBA27CFDC68002ADF4E /* EnglishStudyHelper.app */,
				60C3176827DDABB800E152DC /* EnglishStudyHelperTests.xctest */,
			);
			name = Products;
			sourceTree = "<group>";
		};
		600B8EBC27CFDC68002ADF4E /* EnglishStudyHelper */ = {
			isa = PBXGroup;
			children = (
				6033FAF427DA4F67005A7537 /* UserInfo.swift */,
				604A949F27D06ACC007CCCD5 /* ViewModel */,
				604A949E27D06AB0007CCCD5 /* Model */,
				601031D627E39F3B0034FBC5 /* View */,
				601031D127E39F2F0034FBC5 /* Application */,
				600B8EC627CFDC69002ADF4E /* Assets.xcassets */,
				600B8EC827CFDC69002ADF4E /* LaunchScreen.storyboard */,
				600B8ECB27CFDC69002ADF4E /* Info.plist */,
			);
			path = EnglishStudyHelper;
			sourceTree = "<group>";
		};
		601031D127E39F2F0034FBC5 /* Application */ = {
			isa = PBXGroup;
			children = (
				601031D227E39F2F0034FBC5 /* AppDelegate.swift */,
				601031D327E39F2F0034FBC5 /* SceneDelegate.swift */,
			);
			path = Application;
			sourceTree = "<group>";
		};
		601031D627E39F3B0034FBC5 /* View */ = {
			isa = PBXGroup;
			children = (
				601031DA27E39F3B0034FBC5 /* ViewController */,
				601031D727E39F3B0034FBC5 /* UIAlertController+Extension.swift */,
				601031D827E39F3B0034FBC5 /* ButtonStyleView.swift */,
				601031D927E39F3B0034FBC5 /* SimpleSquareView.swift */,
			);
			path = View;
			sourceTree = "<group>";
		};
		601031DA27E39F3B0034FBC5 /* ViewController */ = {
			isa = PBXGroup;
			children = (
				601031DB27E39F3B0034FBC5 /* MainViewController.swift */,
				601031DC27E39F3B0034FBC5 /* EditingViewController.swift */,
				601031DD27E39F3B0034FBC5 /* UpdatingViewController.swift */,
				601031DE27E39F3B0034FBC5 /* StudyingViewController.swift */,
				601031DF27E39F3B0034FBC5 /* AddingViewController.swift */,
			);
			path = ViewController;
			sourceTree = "<group>";
		};
		604A949E27D06AB0007CCCD5 /* Model */ = {
			isa = PBXGroup;
			children = (
				604A949027D06983007CCCD5 /* SentenceDataManager.swift */,
				6033FAF027DA4737005A7537 /* NetworkRequester.swift */,
				6033FAF227DA47A5005A7537 /* PapagoManager.swift */,
				60C3176227DDA92000E152DC /* GoogleDriveManager.swift */,
				60EB5A6127E0C22C003FAECC /* EnglishStudyHelper-Bridge-Header.h */,
				604A948D27D06927007CCCD5 /* Sentence.xcdatamodeld */,
			);
			path = Model;
			sourceTree = "<group>";
		};
		604A949F27D06ACC007CCCD5 /* ViewModel */ = {
			isa = PBXGroup;
			children = (
				604A949A27D06A8A007CCCD5 /* SentenceViewModel.swift */,
				601031CF27E39E410034FBC5 /* GoogleDriveViewModel.swift */,
			);
			path = ViewModel;
			sourceTree = "<group>";
		};
		60C3176927DDABB800E152DC /* EnglishStudyHelperTests */ = {
			isa = PBXGroup;
			children = (
				60C3176A27DDABB800E152DC /* JSONTests.swift */,
			);
			path = EnglishStudyHelperTests;
			sourceTree = "<group>";
		};
		E7C65C9857069B944CFE6571 /* Pods */ = {
			isa = PBXGroup;
			children = (
				A9D06907E64EC89EE7F0A8DD /* Pods-EnglishStudyHelper.debug.xcconfig */,
				1F6058043C2D91E89800B329 /* Pods-EnglishStudyHelper.release.xcconfig */,
				1AE9C6D71270650B42699FCE /* Pods-EnglishStudyHelperTests.debug.xcconfig */,
				86F982AB3A204013F4E38C01 /* Pods-EnglishStudyHelperTests.release.xcconfig */,
			);
			path = Pods;
			sourceTree = "<group>";
		};
/* End PBXGroup section */

/* Begin PBXNativeTarget section */
		600B8EB927CFDC68002ADF4E /* EnglishStudyHelper */ = {
			isa = PBXNativeTarget;
			buildConfigurationList = 600B8ECE27CFDC69002ADF4E /* Build configuration list for PBXNativeTarget "EnglishStudyHelper" */;
			buildPhases = (
				376CA67CD5AAFE0B5041CD6E /* [CP] Check Pods Manifest.lock */,
				600B8EB627CFDC68002ADF4E /* Sources */,
				600B8EB727CFDC68002ADF4E /* Frameworks */,
				600B8EB827CFDC68002ADF4E /* Resources */,
				C565DBEDC6321B1A056D1B99 /* [CP] Embed Pods Frameworks */,
			);
			buildRules = (
			);
			dependencies = (
			);
			name = EnglishStudyHelper;
			productName = EnglishStudyHelper;
			productReference = 600B8EBA27CFDC68002ADF4E /* EnglishStudyHelper.app */;
			productType = "com.apple.product-type.application";
		};
		60C3176727DDABB800E152DC /* EnglishStudyHelperTests */ = {
			isa = PBXNativeTarget;
			buildConfigurationList = 60C3176E27DDABB800E152DC /* Build configuration list for PBXNativeTarget "EnglishStudyHelperTests" */;
			buildPhases = (
				6B506EC541F7BEE1E65610AD /* [CP] Check Pods Manifest.lock */,
				60C3176427DDABB800E152DC /* Sources */,
				60C3176527DDABB800E152DC /* Frameworks */,
				60C3176627DDABB800E152DC /* Resources */,
			);
			buildRules = (
			);
			dependencies = (
				60C3176D27DDABB800E152DC /* PBXTargetDependency */,
			);
			name = EnglishStudyHelperTests;
			productName = EnglishStudyHelperTests;
			productReference = 60C3176827DDABB800E152DC /* EnglishStudyHelperTests.xctest */;
			productType = "com.apple.product-type.bundle.unit-test";
		};
/* End PBXNativeTarget section */

/* Begin PBXProject section */
		600B8EB227CFDC68002ADF4E /* Project object */ = {
			isa = PBXProject;
			attributes = {
				BuildIndependentTargetsInParallel = 1;
				LastSwiftUpdateCheck = 1320;
				LastUpgradeCheck = 1310;
				TargetAttributes = {
					600B8EB927CFDC68002ADF4E = {
						CreatedOnToolsVersion = 13.1;
					};
					60C3176727DDABB800E152DC = {
						CreatedOnToolsVersion = 13.2.1;
						TestTargetID = 600B8EB927CFDC68002ADF4E;
					};
				};
			};
			buildConfigurationList = 600B8EB527CFDC68002ADF4E /* Build configuration list for PBXProject "EnglishStudyHelper" */;
			compatibilityVersion = "Xcode 13.0";
			developmentRegion = en;
			hasScannedForEncodings = 0;
			knownRegions = (
				en,
				Base,
			);
			mainGroup = 600B8EB127CFDC68002ADF4E;
			productRefGroup = 600B8EBB27CFDC68002ADF4E /* Products */;
			projectDirPath = "";
			projectRoot = "";
			targets = (
				600B8EB927CFDC68002ADF4E /* EnglishStudyHelper */,
				60C3176727DDABB800E152DC /* EnglishStudyHelperTests */,
			);
		};
/* End PBXProject section */

/* Begin PBXResourcesBuildPhase section */
		600B8EB827CFDC68002ADF4E /* Resources */ = {
			isa = PBXResourcesBuildPhase;
			buildActionMask = 2147483647;
			files = (
				600B8ECA27CFDC69002ADF4E /* LaunchScreen.storyboard in Resources */,
				600B8EC727CFDC69002ADF4E /* Assets.xcassets in Resources */,
			);
			runOnlyForDeploymentPostprocessing = 0;
		};
		60C3176627DDABB800E152DC /* Resources */ = {
			isa = PBXResourcesBuildPhase;
			buildActionMask = 2147483647;
			files = (
			);
			runOnlyForDeploymentPostprocessing = 0;
		};
/* End PBXResourcesBuildPhase section */

/* Begin PBXShellScriptBuildPhase section */
		376CA67CD5AAFE0B5041CD6E /* [CP] Check Pods Manifest.lock */ = {
			isa = PBXShellScriptBuildPhase;
			buildActionMask = 2147483647;
			files = (
			);
			inputFileListPaths = (
			);
			inputPaths = (
				"${PODS_PODFILE_DIR_PATH}/Podfile.lock",
				"${PODS_ROOT}/Manifest.lock",
			);
			name = "[CP] Check Pods Manifest.lock";
			outputFileListPaths = (
			);
			outputPaths = (
				"$(DERIVED_FILE_DIR)/Pods-EnglishStudyHelper-checkManifestLockResult.txt",
			);
			runOnlyForDeploymentPostprocessing = 0;
			shellPath = /bin/sh;
			shellScript = "diff \"${PODS_PODFILE_DIR_PATH}/Podfile.lock\" \"${PODS_ROOT}/Manifest.lock\" > /dev/null\nif [ $? != 0 ] ; then\n    # print error to STDERR\n    echo \"error: The sandbox is not in sync with the Podfile.lock. Run 'pod install' or update your CocoaPods installation.\" >&2\n    exit 1\nfi\n# This output is used by Xcode 'outputs' to avoid re-running this script phase.\necho \"SUCCESS\" > \"${SCRIPT_OUTPUT_FILE_0}\"\n";
			showEnvVarsInLog = 0;
		};
		6B506EC541F7BEE1E65610AD /* [CP] Check Pods Manifest.lock */ = {
			isa = PBXShellScriptBuildPhase;
			buildActionMask = 2147483647;
			files = (
			);
			inputFileListPaths = (
			);
			inputPaths = (
				"${PODS_PODFILE_DIR_PATH}/Podfile.lock",
				"${PODS_ROOT}/Manifest.lock",
			);
			name = "[CP] Check Pods Manifest.lock";
			outputFileListPaths = (
			);
			outputPaths = (
				"$(DERIVED_FILE_DIR)/Pods-EnglishStudyHelperTests-checkManifestLockResult.txt",
			);
			runOnlyForDeploymentPostprocessing = 0;
			shellPath = /bin/sh;
			shellScript = "diff \"${PODS_PODFILE_DIR_PATH}/Podfile.lock\" \"${PODS_ROOT}/Manifest.lock\" > /dev/null\nif [ $? != 0 ] ; then\n    # print error to STDERR\n    echo \"error: The sandbox is not in sync with the Podfile.lock. Run 'pod install' or update your CocoaPods installation.\" >&2\n    exit 1\nfi\n# This output is used by Xcode 'outputs' to avoid re-running this script phase.\necho \"SUCCESS\" > \"${SCRIPT_OUTPUT_FILE_0}\"\n";
			showEnvVarsInLog = 0;
		};
		C565DBEDC6321B1A056D1B99 /* [CP] Embed Pods Frameworks */ = {
			isa = PBXShellScriptBuildPhase;
			buildActionMask = 2147483647;
			files = (
			);
			inputFileListPaths = (
				"${PODS_ROOT}/Target Support Files/Pods-EnglishStudyHelper/Pods-EnglishStudyHelper-frameworks-${CONFIGURATION}-input-files.xcfilelist",
			);
			name = "[CP] Embed Pods Frameworks";
			outputFileListPaths = (
				"${PODS_ROOT}/Target Support Files/Pods-EnglishStudyHelper/Pods-EnglishStudyHelper-frameworks-${CONFIGURATION}-output-files.xcfilelist",
			);
			runOnlyForDeploymentPostprocessing = 0;
			shellPath = /bin/sh;
			shellScript = "\"${PODS_ROOT}/Target Support Files/Pods-EnglishStudyHelper/Pods-EnglishStudyHelper-frameworks.sh\"\n";
			showEnvVarsInLog = 0;
		};
/* End PBXShellScriptBuildPhase section */

/* Begin PBXSourcesBuildPhase section */
		600B8EB627CFDC68002ADF4E /* Sources */ = {
			isa = PBXSourcesBuildPhase;
			buildActionMask = 2147483647;
			files = (
				601031E527E39F3B0034FBC5 /* UpdatingViewController.swift in Sources */,
				6033FAF327DA47A5005A7537 /* PapagoManager.swift in Sources */,
				6033FAF527DA4F67005A7537 /* UserInfo.swift in Sources */,
				601031E127E39F3B0034FBC5 /* ButtonStyleView.swift in Sources */,
				604A948F27D06927007CCCD5 /* Sentence.xcdatamodeld in Sources */,
				604A949B27D06A8A007CCCD5 /* SentenceViewModel.swift in Sources */,
				601031D027E39E410034FBC5 /* GoogleDriveViewModel.swift in Sources */,
				604A949127D06983007CCCD5 /* SentenceDataManager.swift in Sources */,
				601031E227E39F3B0034FBC5 /* SimpleSquareView.swift in Sources */,
				601031E027E39F3B0034FBC5 /* UIAlertController+Extension.swift in Sources */,
				601031E427E39F3B0034FBC5 /* EditingViewController.swift in Sources */,
				601031E327E39F3B0034FBC5 /* MainViewController.swift in Sources */,
				60C3176327DDA92000E152DC /* GoogleDriveManager.swift in Sources */,
				601031D527E39F2F0034FBC5 /* SceneDelegate.swift in Sources */,
				601031D427E39F2F0034FBC5 /* AppDelegate.swift in Sources */,
				6033FAF127DA4737005A7537 /* NetworkRequester.swift in Sources */,
				601031E727E39F3B0034FBC5 /* AddingViewController.swift in Sources */,
				601031E627E39F3B0034FBC5 /* StudyingViewController.swift in Sources */,
			);
			runOnlyForDeploymentPostprocessing = 0;
		};
		60C3176427DDABB800E152DC /* Sources */ = {
			isa = PBXSourcesBuildPhase;
			buildActionMask = 2147483647;
			files = (
				60C3176B27DDABB800E152DC /* JSONTests.swift in Sources */,
			);
			runOnlyForDeploymentPostprocessing = 0;
		};
/* End PBXSourcesBuildPhase section */

/* Begin PBXTargetDependency section */
		60C3176D27DDABB800E152DC /* PBXTargetDependency */ = {
			isa = PBXTargetDependency;
			target = 600B8EB927CFDC68002ADF4E /* EnglishStudyHelper */;
			targetProxy = 60C3176C27DDABB800E152DC /* PBXContainerItemProxy */;
		};
/* End PBXTargetDependency section */

/* Begin PBXVariantGroup section */
		600B8EC827CFDC69002ADF4E /* LaunchScreen.storyboard */ = {
			isa = PBXVariantGroup;
			children = (
				600B8EC927CFDC69002ADF4E /* Base */,
			);
			name = LaunchScreen.storyboard;
			sourceTree = "<group>";
		};
/* End PBXVariantGroup section */

/* Begin XCBuildConfiguration section */
		600B8ECC27CFDC69002ADF4E /* Debug */ = {
			isa = XCBuildConfiguration;
			buildSettings = {
				ALWAYS_SEARCH_USER_PATHS = NO;
				CLANG_ANALYZER_NONNULL = YES;
				CLANG_ANALYZER_NUMBER_OBJECT_CONVERSION = YES_AGGRESSIVE;
				CLANG_CXX_LANGUAGE_STANDARD = "gnu++17";
				CLANG_CXX_LIBRARY = "libc++";
				CLANG_ENABLE_MODULES = YES;
				CLANG_ENABLE_OBJC_ARC = YES;
				CLANG_ENABLE_OBJC_WEAK = YES;
				CLANG_WARN_BLOCK_CAPTURE_AUTORELEASING = YES;
				CLANG_WARN_BOOL_CONVERSION = YES;
				CLANG_WARN_COMMA = YES;
				CLANG_WARN_CONSTANT_CONVERSION = YES;
				CLANG_WARN_DEPRECATED_OBJC_IMPLEMENTATIONS = YES;
				CLANG_WARN_DIRECT_OBJC_ISA_USAGE = YES_ERROR;
				CLANG_WARN_DOCUMENTATION_COMMENTS = YES;
				CLANG_WARN_EMPTY_BODY = YES;
				CLANG_WARN_ENUM_CONVERSION = YES;
				CLANG_WARN_INFINITE_RECURSION = YES;
				CLANG_WARN_INT_CONVERSION = YES;
				CLANG_WARN_NON_LITERAL_NULL_CONVERSION = YES;
				CLANG_WARN_OBJC_IMPLICIT_RETAIN_SELF = YES;
				CLANG_WARN_OBJC_LITERAL_CONVERSION = YES;
				CLANG_WARN_OBJC_ROOT_CLASS = YES_ERROR;
				CLANG_WARN_QUOTED_INCLUDE_IN_FRAMEWORK_HEADER = YES;
				CLANG_WARN_RANGE_LOOP_ANALYSIS = YES;
				CLANG_WARN_STRICT_PROTOTYPES = YES;
				CLANG_WARN_SUSPICIOUS_MOVE = YES;
				CLANG_WARN_UNGUARDED_AVAILABILITY = YES_AGGRESSIVE;
				CLANG_WARN_UNREACHABLE_CODE = YES;
				CLANG_WARN__DUPLICATE_METHOD_MATCH = YES;
				COPY_PHASE_STRIP = NO;
				DEBUG_INFORMATION_FORMAT = dwarf;
				ENABLE_STRICT_OBJC_MSGSEND = YES;
				ENABLE_TESTABILITY = YES;
				GCC_C_LANGUAGE_STANDARD = gnu11;
				GCC_DYNAMIC_NO_PIC = NO;
				GCC_NO_COMMON_BLOCKS = YES;
				GCC_OPTIMIZATION_LEVEL = 0;
				GCC_PREPROCESSOR_DEFINITIONS = (
					"DEBUG=1",
					"$(inherited)",
				);
				GCC_WARN_64_TO_32_BIT_CONVERSION = YES;
				GCC_WARN_ABOUT_RETURN_TYPE = YES_ERROR;
				GCC_WARN_UNDECLARED_SELECTOR = YES;
				GCC_WARN_UNINITIALIZED_AUTOS = YES_AGGRESSIVE;
				GCC_WARN_UNUSED_FUNCTION = YES;
				GCC_WARN_UNUSED_VARIABLE = YES;
				IPHONEOS_DEPLOYMENT_TARGET = 15.0;
				MTL_ENABLE_DEBUG_INFO = INCLUDE_SOURCE;
				MTL_FAST_MATH = YES;
				ONLY_ACTIVE_ARCH = YES;
				SDKROOT = iphoneos;
				SWIFT_ACTIVE_COMPILATION_CONDITIONS = DEBUG;
				SWIFT_OPTIMIZATION_LEVEL = "-Onone";
			};
			name = Debug;
		};
		600B8ECD27CFDC69002ADF4E /* Release */ = {
			isa = XCBuildConfiguration;
			buildSettings = {
				ALWAYS_SEARCH_USER_PATHS = NO;
				CLANG_ANALYZER_NONNULL = YES;
				CLANG_ANALYZER_NUMBER_OBJECT_CONVERSION = YES_AGGRESSIVE;
				CLANG_CXX_LANGUAGE_STANDARD = "gnu++17";
				CLANG_CXX_LIBRARY = "libc++";
				CLANG_ENABLE_MODULES = YES;
				CLANG_ENABLE_OBJC_ARC = YES;
				CLANG_ENABLE_OBJC_WEAK = YES;
				CLANG_WARN_BLOCK_CAPTURE_AUTORELEASING = YES;
				CLANG_WARN_BOOL_CONVERSION = YES;
				CLANG_WARN_COMMA = YES;
				CLANG_WARN_CONSTANT_CONVERSION = YES;
				CLANG_WARN_DEPRECATED_OBJC_IMPLEMENTATIONS = YES;
				CLANG_WARN_DIRECT_OBJC_ISA_USAGE = YES_ERROR;
				CLANG_WARN_DOCUMENTATION_COMMENTS = YES;
				CLANG_WARN_EMPTY_BODY = YES;
				CLANG_WARN_ENUM_CONVERSION = YES;
				CLANG_WARN_INFINITE_RECURSION = YES;
				CLANG_WARN_INT_CONVERSION = YES;
				CLANG_WARN_NON_LITERAL_NULL_CONVERSION = YES;
				CLANG_WARN_OBJC_IMPLICIT_RETAIN_SELF = YES;
				CLANG_WARN_OBJC_LITERAL_CONVERSION = YES;
				CLANG_WARN_OBJC_ROOT_CLASS = YES_ERROR;
				CLANG_WARN_QUOTED_INCLUDE_IN_FRAMEWORK_HEADER = YES;
				CLANG_WARN_RANGE_LOOP_ANALYSIS = YES;
				CLANG_WARN_STRICT_PROTOTYPES = YES;
				CLANG_WARN_SUSPICIOUS_MOVE = YES;
				CLANG_WARN_UNGUARDED_AVAILABILITY = YES_AGGRESSIVE;
				CLANG_WARN_UNREACHABLE_CODE = YES;
				CLANG_WARN__DUPLICATE_METHOD_MATCH = YES;
				COPY_PHASE_STRIP = NO;
				DEBUG_INFORMATION_FORMAT = "dwarf-with-dsym";
				ENABLE_NS_ASSERTIONS = NO;
				ENABLE_STRICT_OBJC_MSGSEND = YES;
				GCC_C_LANGUAGE_STANDARD = gnu11;
				GCC_NO_COMMON_BLOCKS = YES;
				GCC_WARN_64_TO_32_BIT_CONVERSION = YES;
				GCC_WARN_ABOUT_RETURN_TYPE = YES_ERROR;
				GCC_WARN_UNDECLARED_SELECTOR = YES;
				GCC_WARN_UNINITIALIZED_AUTOS = YES_AGGRESSIVE;
				GCC_WARN_UNUSED_FUNCTION = YES;
				GCC_WARN_UNUSED_VARIABLE = YES;
				IPHONEOS_DEPLOYMENT_TARGET = 15.0;
				MTL_ENABLE_DEBUG_INFO = NO;
				MTL_FAST_MATH = YES;
				SDKROOT = iphoneos;
				SWIFT_COMPILATION_MODE = wholemodule;
				SWIFT_OPTIMIZATION_LEVEL = "-O";
				VALIDATE_PRODUCT = YES;
			};
			name = Release;
		};
		600B8ECF27CFDC69002ADF4E /* Debug */ = {
			isa = XCBuildConfiguration;
			baseConfigurationReference = A9D06907E64EC89EE7F0A8DD /* Pods-EnglishStudyHelper.debug.xcconfig */;
			buildSettings = {
				ASSETCATALOG_COMPILER_APPICON_NAME = AppIcon;
				ASSETCATALOG_COMPILER_GLOBAL_ACCENT_COLOR_NAME = AccentColor;
				CODE_SIGN_STYLE = Automatic;
				CURRENT_PROJECT_VERSION = 1;
				DEVELOPMENT_TEAM = 6NYKF9N93F;
				GENERATE_INFOPLIST_FILE = YES;
				INFOPLIST_FILE = EnglishStudyHelper/Info.plist;
				INFOPLIST_KEY_UIApplicationSupportsIndirectInputEvents = YES;
				INFOPLIST_KEY_UILaunchStoryboardName = LaunchScreen;
				INFOPLIST_KEY_UISupportedInterfaceOrientations = UIInterfaceOrientationPortrait;
				INFOPLIST_KEY_UISupportedInterfaceOrientations_iPad = "UIInterfaceOrientationPortrait UIInterfaceOrientationPortraitUpsideDown UIInterfaceOrientationLandscapeLeft UIInterfaceOrientationLandscapeRight";
				INFOPLIST_KEY_UISupportedInterfaceOrientations_iPhone = "UIInterfaceOrientationPortrait UIInterfaceOrientationLandscapeLeft UIInterfaceOrientationLandscapeRight";
				IPHONEOS_DEPLOYMENT_TARGET = 15.0;
				LD_RUNPATH_SEARCH_PATHS = (
					"$(inherited)",
					"@executable_path/Frameworks",
				);
				MARKETING_VERSION = 1.0;
				PRODUCT_BUNDLE_IDENTIFIER = JNoma.EnglishStudyHelper;
				PRODUCT_NAME = "$(TARGET_NAME)";
				SWIFT_EMIT_LOC_STRINGS = YES;
				SWIFT_OBJC_BRIDGING_HEADER = "EnglishStudyHelper/Model/EnglishStudyHelper-Bridge-Header.h";
				SWIFT_VERSION = 5.0;
				TARGETED_DEVICE_FAMILY = 1;
			};
			name = Debug;
		};
		600B8ED027CFDC69002ADF4E /* Release */ = {
			isa = XCBuildConfiguration;
			baseConfigurationReference = 1F6058043C2D91E89800B329 /* Pods-EnglishStudyHelper.release.xcconfig */;
			buildSettings = {
				ASSETCATALOG_COMPILER_APPICON_NAME = AppIcon;
				ASSETCATALOG_COMPILER_GLOBAL_ACCENT_COLOR_NAME = AccentColor;
				CODE_SIGN_STYLE = Automatic;
				CURRENT_PROJECT_VERSION = 1;
				DEVELOPMENT_TEAM = 6NYKF9N93F;
				GENERATE_INFOPLIST_FILE = YES;
				INFOPLIST_FILE = EnglishStudyHelper/Info.plist;
				INFOPLIST_KEY_UIApplicationSupportsIndirectInputEvents = YES;
				INFOPLIST_KEY_UILaunchStoryboardName = LaunchScreen;
				INFOPLIST_KEY_UISupportedInterfaceOrientations = UIInterfaceOrientationPortrait;
				INFOPLIST_KEY_UISupportedInterfaceOrientations_iPad = "UIInterfaceOrientationPortrait UIInterfaceOrientationPortraitUpsideDown UIInterfaceOrientationLandscapeLeft UIInterfaceOrientationLandscapeRight";
				INFOPLIST_KEY_UISupportedInterfaceOrientations_iPhone = "UIInterfaceOrientationPortrait UIInterfaceOrientationLandscapeLeft UIInterfaceOrientationLandscapeRight";
				IPHONEOS_DEPLOYMENT_TARGET = 15.0;
				LD_RUNPATH_SEARCH_PATHS = (
					"$(inherited)",
					"@executable_path/Frameworks",
				);
				MARKETING_VERSION = 1.0;
				PRODUCT_BUNDLE_IDENTIFIER = JNoma.EnglishStudyHelper;
				PRODUCT_NAME = "$(TARGET_NAME)";
				SWIFT_EMIT_LOC_STRINGS = YES;
				SWIFT_OBJC_BRIDGING_HEADER = "EnglishStudyHelper/Model/EnglishStudyHelper-Bridge-Header.h";
				SWIFT_VERSION = 5.0;
				TARGETED_DEVICE_FAMILY = 1;
			};
			name = Release;
		};
		60C3176F27DDABB800E152DC /* Debug */ = {
			isa = XCBuildConfiguration;
			baseConfigurationReference = 1AE9C6D71270650B42699FCE /* Pods-EnglishStudyHelperTests.debug.xcconfig */;
			buildSettings = {
				BUNDLE_LOADER = "$(TEST_HOST)";
				CODE_SIGN_STYLE = Automatic;
				CURRENT_PROJECT_VERSION = 1;
				GENERATE_INFOPLIST_FILE = YES;
				IPHONEOS_DEPLOYMENT_TARGET = 15.2;
				MARKETING_VERSION = 1.0;
				PRODUCT_BUNDLE_IDENTIFIER = JNoma.EnglishStudyHelperTests;
				PRODUCT_NAME = "$(TARGET_NAME)";
				SWIFT_EMIT_LOC_STRINGS = NO;
				SWIFT_VERSION = 5.0;
				TARGETED_DEVICE_FAMILY = "1,2";
				TEST_HOST = "$(BUILT_PRODUCTS_DIR)/EnglishStudyHelper.app/EnglishStudyHelper";
			};
			name = Debug;
		};
		60C3177027DDABB800E152DC /* Release */ = {
			isa = XCBuildConfiguration;
			baseConfigurationReference = 86F982AB3A204013F4E38C01 /* Pods-EnglishStudyHelperTests.release.xcconfig */;
			buildSettings = {
				BUNDLE_LOADER = "$(TEST_HOST)";
				CODE_SIGN_STYLE = Automatic;
				CURRENT_PROJECT_VERSION = 1;
				GENERATE_INFOPLIST_FILE = YES;
				IPHONEOS_DEPLOYMENT_TARGET = 15.2;
				MARKETING_VERSION = 1.0;
				PRODUCT_BUNDLE_IDENTIFIER = JNoma.EnglishStudyHelperTests;
				PRODUCT_NAME = "$(TARGET_NAME)";
				SWIFT_EMIT_LOC_STRINGS = NO;
				SWIFT_VERSION = 5.0;
				TARGETED_DEVICE_FAMILY = "1,2";
				TEST_HOST = "$(BUILT_PRODUCTS_DIR)/EnglishStudyHelper.app/EnglishStudyHelper";
			};
			name = Release;
		};
/* End XCBuildConfiguration section */

/* Begin XCConfigurationList section */
		600B8EB527CFDC68002ADF4E /* Build configuration list for PBXProject "EnglishStudyHelper" */ = {
			isa = XCConfigurationList;
			buildConfigurations = (
				600B8ECC27CFDC69002ADF4E /* Debug */,
				600B8ECD27CFDC69002ADF4E /* Release */,
			);
			defaultConfigurationIsVisible = 0;
			defaultConfigurationName = Release;
		};
		600B8ECE27CFDC69002ADF4E /* Build configuration list for PBXNativeTarget "EnglishStudyHelper" */ = {
			isa = XCConfigurationList;
			buildConfigurations = (
				600B8ECF27CFDC69002ADF4E /* Debug */,
				600B8ED027CFDC69002ADF4E /* Release */,
			);
			defaultConfigurationIsVisible = 0;
			defaultConfigurationName = Release;
		};
		60C3176E27DDABB800E152DC /* Build configuration list for PBXNativeTarget "EnglishStudyHelperTests" */ = {
			isa = XCConfigurationList;
			buildConfigurations = (
				60C3176F27DDABB800E152DC /* Debug */,
				60C3177027DDABB800E152DC /* Release */,
			);
			defaultConfigurationIsVisible = 0;
			defaultConfigurationName = Release;
		};
/* End XCConfigurationList section */

/* Begin XCVersionGroup section */
		604A948D27D06927007CCCD5 /* Sentence.xcdatamodeld */ = {
			isa = XCVersionGroup;
			children = (
				604A948E27D06927007CCCD5 /* Sentence.xcdatamodel */,
			);
			currentVersion = 604A948E27D06927007CCCD5 /* Sentence.xcdatamodel */;
			path = Sentence.xcdatamodeld;
			sourceTree = "<group>";
			versionGroupType = wrapper.xcdatamodel;
		};
/* End XCVersionGroup section */
	};
	rootObject = 600B8EB227CFDC68002ADF4E /* Project object */;
}
